
Microsoft Visual Studio Solution File, Format Version 12.00
# Visual Studio Version 16
VisualStudioVersion = 16.0.29306.81
MinimumVisualStudioVersion = 10.0.40219.1
Project("{FAE04EC0-301F-11D3-BF4B-00C04F79EFBC}") = "Exercise2.1", "Exercise2.1\Exercise2.1.csproj", "{03D7A5A7-0F5B-4844-BE1F-452C25F3A3CA}"
EndProject
Global
	GlobalSection(SolutionConfigurationPlatforms) = preSolution
		Debug|Any CPU = Debug|Any CPU
		Release|Any CPU = Release|Any CPU
	EndGlobalSection
	GlobalSection(ProjectConfigurationPlatforms) = postSolution
		{03D7A5A7-0F5B-4844-BE1F-452C25F3A3CA}.Debug|Any CPU.ActiveCfg = Debug|Any CPU
		{03D7A5A7-0F5B-4844-BE1F-452C25F3A3CA}.Debug|Any CPU.Build.0 = Debug|Any CPU
		{03D7A5A7-0F5B-4844-BE1F-452C25F3A3CA}.Release|Any CPU.ActiveCfg = Release|Any CPU
		{03D7A5A7-0F5B-4844-BE1F-452C25F3A3CA}.Release|Any CPU.Build.0 = Release|Any CPU
	EndGlobalSection
	GlobalSection(SolutionProperties) = preSolution
		HideSolutionNode = FALSE
	EndGlobalSection
	GlobalSection(ExtensibilityGlobals) = postSolution
		SolutionGuid = {D1172FEE-E854-4BB0-9DA5-38664FC8149E}
	EndGlobalSection
EndGlobal
